
Microsoft Visual Studio Solution File, Format Version 12.00
# Visual Studio 15
VisualStudioVersion = 15.0.28307.421
MinimumVisualStudioVersion = 10.0.40219.1
Project("{9A19103F-16F7-4668-BE54-9A1E7A4F7556}") = "WebSocketASPNetCore", "WebSocketASPNetCore\WebSocketASPNetCore.csproj", "{55F7C2BE-F1BD-47F3-AAFC-D0E005888216}"
EndProject
Project("{9A19103F-16F7-4668-BE54-9A1E7A4F7556}") = "NanoBus", "NanoBus\NanoBus.csproj", "{3F176492-6FB2-4EF2-9754-E4EB86789EB2}"
EndProject
Global
	GlobalSection(SolutionConfigurationPlatforms) = preSolution
		Debug|Any CPU = Debug|Any CPU
		Release|Any CPU = Release|Any CPU
	EndGlobalSection
	GlobalSection(ProjectConfigurationPlatforms) = postSolution
		{55F7C2BE-F1BD-47F3-AAFC-D0E005888216}.Debug|Any CPU.ActiveCfg = Debug|Any CPU
		{55F7C2BE-F1BD-47F3-AAFC-D0E005888216}.Debug|Any CPU.Build.0 = Debug|Any CPU
		{55F7C2BE-F1BD-47F3-AAFC-D0E005888216}.Release|Any CPU.ActiveCfg = Release|Any CPU
		{55F7C2BE-F1BD-47F3-AAFC-D0E005888216}.Release|Any CPU.Build.0 = Release|Any CPU
		{3F176492-6FB2-4EF2-9754-E4EB86789EB2}.Debug|Any CPU.ActiveCfg = Debug|Any CPU
		{3F176492-6FB2-4EF2-9754-E4EB86789EB2}.Debug|Any CPU.Build.0 = Debug|Any CPU
		{3F176492-6FB2-4EF2-9754-E4EB86789EB2}.Release|Any CPU.ActiveCfg = Release|Any CPU
		{3F176492-6FB2-4EF2-9754-E4EB86789EB2}.Release|Any CPU.Build.0 = Release|Any CPU
	EndGlobalSection
	GlobalSection(SolutionProperties) = preSolution
		HideSolutionNode = FALSE
	EndGlobalSection
	GlobalSection(ExtensibilityGlobals) = postSolution
		SolutionGuid = {4E69A67D-C28F-4B44-93AA-5FF55E8B7A60}
	EndGlobalSection
EndGlobal
