
Microsoft Visual Studio Solution File, Format Version 12.00
# Visual Studio 15
VisualStudioVersion = 15.0.26228.73
MinimumVisualStudioVersion = 10.0.40219.1
Project("{9A19103F-16F7-4668-BE54-9A1E7A4F7556}") = "NanoBus", "NanoBus.csproj", "{C6976102-C620-4DBB-B430-5C0344F80D3C}"
EndProject
Project("{9A19103F-16F7-4668-BE54-9A1E7A4F7556}") = "WebSocketASPNetCore", "..\WebSocketASPNetCore\WebSocketASPNetCore.csproj", "{EEBF4A8F-A66F-462C-9624-7EB690AEAC0F}"
EndProject
Global
	GlobalSection(SolutionConfigurationPlatforms) = preSolution
		Debug|Any CPU = Debug|Any CPU
		Release|Any CPU = Release|Any CPU
	EndGlobalSection
	GlobalSection(ProjectConfigurationPlatforms) = postSolution
		{C6976102-C620-4DBB-B430-5C0344F80D3C}.Debug|Any CPU.ActiveCfg = Debug|Any CPU
		{C6976102-C620-4DBB-B430-5C0344F80D3C}.Debug|Any CPU.Build.0 = Debug|Any CPU
		{C6976102-C620-4DBB-B430-5C0344F80D3C}.Release|Any CPU.ActiveCfg = Release|Any CPU
		{C6976102-C620-4DBB-B430-5C0344F80D3C}.Release|Any CPU.Build.0 = Release|Any CPU
		{EEBF4A8F-A66F-462C-9624-7EB690AEAC0F}.Debug|Any CPU.ActiveCfg = Debug|Any CPU
		{EEBF4A8F-A66F-462C-9624-7EB690AEAC0F}.Debug|Any CPU.Build.0 = Debug|Any CPU
		{EEBF4A8F-A66F-462C-9624-7EB690AEAC0F}.Release|Any CPU.ActiveCfg = Release|Any CPU
		{EEBF4A8F-A66F-462C-9624-7EB690AEAC0F}.Release|Any CPU.Build.0 = Release|Any CPU
	EndGlobalSection
	GlobalSection(SolutionProperties) = preSolution
		HideSolutionNode = FALSE
	EndGlobalSection
	GlobalSection(ExtensibilityGlobals) = postSolution
		SolutionGuid = {CBA3605C-689E-4EA9-B085-6B560CFCECDF}
	EndGlobalSection
EndGlobal
